packages:
  - name: dbt_utils
    package: dbt-labs/dbt_utils
    version: 1.3.3
  - git: https://github.com/metaplane/dbt-expectations
    name: dbt_expectations
    revision: f93478ca00b48347073f6a39217ac18bf6685820
  - name: dbt_date
    package: godatadriven/dbt_date
    version: 0.17.1
sha1_hash: 6a1facc4b1df3d1036fb17b9a5b90b57ff2b95ef
